// !$*UTF8*$!
{
	archiveVersion = 1;
	classes = {
	};
	objectVersion = 46;
	objects = {

/* Begin PBXBuildFile section */
		6B8C67AE1E95D48100116CBF /* MyCell.swift in Sources */ = {isa = PBXBuildFile; fileRef = 6B8C67AC1E95D48100116CBF /* MyCell.swift */; };
		6B8C67AF1E95D48100116CBF /* MyCell.xib in Resources */ = {isa = PBXBuildFile; fileRef = 6B8C67AD1E95D48100116CBF /* MyCell.xib */; };
		6B8C67B21E95DD9300116CBF /* YourCell.swift in Sources */ = {isa = PBXBuildFile; fileRef = 6B8C67B01E95DD9300116CBF /* YourCell.swift */; };
		6B8C67B31E95DD9300116CBF /* YourCell.xib in Resources */ = {isa = PBXBuildFile; fileRef = 6B8C67B11E95DD9300116CBF /* YourCell.xib */; };
		8A6823631DF6925C00123928 /* AppDelegate.swift in Sources */ = {isa = PBXBuildFile; fileRef = 8A6823621DF6925C00123928 /* AppDelegate.swift */; };
		8A6823651DF6925C00123928 /* ViewController.swift in Sources */ = {isa = PBXBuildFile; fileRef = 8A6823641DF6925C00123928 /* ViewController.swift */; };
		8A6823681DF6925C00123928 /* Main.storyboard in Resources */ = {isa = PBXBuildFile; fileRef = 8A6823661DF6925C00123928 /* Main.storyboard */; };
		8A68236A1DF6925C00123928 /* Assets.xcassets in Resources */ = {isa = PBXBuildFile; fileRef = 8A6823691DF6925C00123928 /* Assets.xcassets */; };
		8A68236D1DF6925C00123928 /* LaunchScreen.storyboard in Resources */ = {isa = PBXBuildFile; fileRef = 8A68236B1DF6925C00123928 /* LaunchScreen.storyboard */; };
		8A6823781DF6960900123928 /* FTDCollectionViewCell.swift in Sources */ = {isa = PBXBuildFile; fileRef = 8A6823751DF6960900123928 /* FTDCollectionViewCell.swift */; };
		8A68237A1DF6960900123928 /* FTDLoopView.swift in Sources */ = {isa = PBXBuildFile; fileRef = 8A6823771DF6960900123928 /* FTDLoopView.swift */; };
		F8694F24492540B062C741E6 /* Pods_FTDKitDemo.framework in Frameworks */ = {isa = PBXBuildFile; fileRef = 09F809BE15E768B5DFCF3C91 /* Pods_FTDKitDemo.framework */; };
/* End PBXBuildFile section */

/* Begin PBXFileReference section */
		09F809BE15E768B5DFCF3C91 /* Pods_FTDKitDemo.framework */ = {isa = PBXFileReference; explicitFileType = wrapper.framework; includeInIndex = 0; path = Pods_FTDKitDemo.framework; sourceTree = BUILT_PRODUCTS_DIR; };
		6B8C67AC1E95D48100116CBF /* MyCell.swift */ = {isa = PBXFileReference; fileEncoding = 4; lastKnownFileType = sourcecode.swift; path = MyCell.swift; sourceTree = "<group>"; };
		6B8C67AD1E95D48100116CBF /* MyCell.xib */ = {isa = PBXFileReference; fileEncoding = 4; lastKnownFileType = file.xib; path = MyCell.xib; sourceTree = "<group>"; };
		6B8C67B01E95DD9300116CBF /* YourCell.swift */ = {isa = PBXFileReference; fileEncoding = 4; lastKnownFileType = sourcecode.swift; path = YourCell.swift; sourceTree = "<group>"; };
		6B8C67B11E95DD9300116CBF /* YourCell.xib */ = {isa = PBXFileReference; fileEncoding = 4; lastKnownFileType = file.xib; path = YourCell.xib; sourceTree = "<group>"; };
		8A68235F1DF6925C00123928 /* FTDKit.app */ = {isa = PBXFileReference; explicitFileType = wrapper.application; includeInIndex = 0; path = FTDKit.app; sourceTree = BUILT_PRODUCTS_DIR; };
		8A6823621DF6925C00123928 /* AppDelegate.swift */ = {isa = PBXFileReference; lastKnownFileType = sourcecode.swift; path = AppDelegate.swift; sourceTree = "<group>"; };
		8A6823641DF6925C00123928 /* ViewController.swift */ = {isa = PBXFileReference; lastKnownFileType = sourcecode.swift; path = ViewController.swift; sourceTree = "<group>"; };
		8A6823671DF6925C00123928 /* Base */ = {isa = PBXFileReference; lastKnownFileType = file.storyboard; name = Base; path = Base.lproj/Main.storyboard; sourceTree = "<group>"; };
		8A6823691DF6925C00123928 /* Assets.xcassets */ = {isa = PBXFileReference; lastKnownFileType = folder.assetcatalog; path = Assets.xcassets; sourceTree = "<group>"; };
		8A68236C1DF6925C00123928 /* Base */ = {isa = PBXFileReference; lastKnownFileType = file.storyboard; name = Base; path = Base.lproj/LaunchScreen.storyboard; sourceTree = "<group>"; };
		8A68236E1DF6925C00123928 /* Info.plist */ = {isa = PBXFileReference; lastKnownFileType = text.plist.xml; path = Info.plist; sourceTree = "<group>"; };
		8A6823751DF6960900123928 /* FTDCollectionViewCell.swift */ = {isa = PBXFileReference; fileEncoding = 4; lastKnownFileType = sourcecode.swift; path = FTDCollectionViewCell.swift; sourceTree = "<group>"; };
		8A6823771DF6960900123928 /* FTDLoopView.swift */ = {isa = PBXFileReference; fileEncoding = 4; lastKnownFileType = sourcecode.swift; path = FTDLoopView.swift; sourceTree = "<group>"; };
		8C4D4B14BEB22E95AB51C17A /* Pods-FTDKitDemo.debug.xcconfig */ = {isa = PBXFileReference; includeInIndex = 1; lastKnownFileType = text.xcconfig; name = "Pods-FTDKitDemo.debug.xcconfig"; path = "Pods/Target Support Files/Pods-FTDKitDemo/Pods-FTDKitDemo.debug.xcconfig"; sourceTree = "<group>"; };
		FC72E7D3576121F4384FAE2B /* Pods-FTDKitDemo.release.xcconfig */ = {isa = PBXFileReference; includeInIndex = 1; lastKnownFileType = text.xcconfig; name = "Pods-FTDKitDemo.release.xcconfig"; path = "Pods/Target Support Files/Pods-FTDKitDemo/Pods-FTDKitDemo.release.xcconfig"; sourceTree = "<group>"; };
/* End PBXFileReference section */

/* Begin PBXFrameworksBuildPhase section */
		8A68235C1DF6925C00123928 /* Frameworks */ = {
			isa = PBXFrameworksBuildPhase;
			buildActionMask = 2147483647;
			files = (
				F8694F24492540B062C741E6 /* Pods_FTDKitDemo.framework in Frameworks */,
			);
			runOnlyForDeploymentPostprocessing = 0;
		};
/* End PBXFrameworksBuildPhase section */

/* Begin PBXGroup section */
		18541005D2FAEEEC335BB6B6 /* Frameworks */ = {
			isa = PBXGroup;
			children = (
				09F809BE15E768B5DFCF3C91 /* Pods_FTDKitDemo.framework */,
			);
			name = Frameworks;
			sourceTree = "<group>";
		};
		8A6823561DF6925C00123928 = {
			isa = PBXGroup;
			children = (
				8A6823611DF6925C00123928 /* FTDKitDemo */,
				8A6823601DF6925C00123928 /* Products */,
				DDC5555739B36D21806D88C7 /* Pods */,
				18541005D2FAEEEC335BB6B6 /* Frameworks */,
			);
			sourceTree = "<group>";
		};
		8A6823601DF6925C00123928 /* Products */ = {
			isa = PBXGroup;
			children = (
				8A68235F1DF6925C00123928 /* FTDKit.app */,
			);
			name = Products;
			sourceTree = "<group>";
		};
		8A6823611DF6925C00123928 /* FTDKitDemo */ = {
			isa = PBXGroup;
			children = (
				8A6823741DF6960900123928 /* FTDScrollView */,
				8A6823621DF6925C00123928 /* AppDelegate.swift */,
				8A6823641DF6925C00123928 /* ViewController.swift */,
				6B8C67B01E95DD9300116CBF /* YourCell.swift */,
				6B8C67B11E95DD9300116CBF /* YourCell.xib */,
				6B8C67AC1E95D48100116CBF /* MyCell.swift */,
				6B8C67AD1E95D48100116CBF /* MyCell.xib */,
				8A6823661DF6925C00123928 /* Main.storyboard */,
				8A6823691DF6925C00123928 /* Assets.xcassets */,
				8A68236B1DF6925C00123928 /* LaunchScreen.storyboard */,
				8A68236E1DF6925C00123928 /* Info.plist */,
			);
			path = FTDKitDemo;
			sourceTree = "<group>";
		};
		8A6823741DF6960900123928 /* FTDScrollView */ = {
			isa = PBXGroup;
			children = (
				8A6823751DF6960900123928 /* FTDCollectionViewCell.swift */,
				8A6823771DF6960900123928 /* FTDLoopView.swift */,
			);
			name = FTDScrollView;
			path = ../../FTDKit/UI/FTDScrollView;
			sourceTree = "<group>";
		};
		DDC5555739B36D21806D88C7 /* Pods */ = {
			isa = PBXGroup;
			children = (
				8C4D4B14BEB22E95AB51C17A /* Pods-FTDKitDemo.debug.xcconfig */,
				FC72E7D3576121F4384FAE2B /* Pods-FTDKitDemo.release.xcconfig */,
			);
			name = Pods;
			sourceTree = "<group>";
		};
/* End PBXGroup section */

/* Begin PBXNativeTarget section */
		8A68235E1DF6925C00123928 /* FTDKitDemo */ = {
			isa = PBXNativeTarget;
			buildConfigurationList = 8A6823711DF6925C00123928 /* Build configuration list for PBXNativeTarget "FTDKitDemo" */;
			buildPhases = (
				63814F6D849E18AC3DA4A272 /* [CP] Check Pods Manifest.lock */,
				8A68235B1DF6925C00123928 /* Sources */,
				8A68235C1DF6925C00123928 /* Frameworks */,
				8A68235D1DF6925C00123928 /* Resources */,
				7155E83BCE53E7F1C3383E4F /* [CP] Embed Pods Frameworks */,
				A9672317FC3518AD803F709D /* [CP] Copy Pods Resources */,
			);
			buildRules = (
			);
			dependencies = (
			);
			name = FTDKitDemo;
			productName = FTDKitDemo;
			productReference = 8A68235F1DF6925C00123928 /* FTDKit.app */;
			productType = "com.apple.product-type.application";
		};
/* End PBXNativeTarget section */

/* Begin PBXProject section */
		8A6823571DF6925C00123928 /* Project object */ = {
			isa = PBXProject;
			attributes = {
				LastSwiftUpdateCheck = 0810;
				LastUpgradeCheck = 0810;
				ORGANIZATIONNAME = "盛世集团";
				TargetAttributes = {
					8A68235E1DF6925C00123928 = {
						CreatedOnToolsVersion = 8.1;
						ProvisioningStyle = Automatic;
					};
				};
			};
			buildConfigurationList = 8A68235A1DF6925C00123928 /* Build configuration list for PBXProject "FTDKitDemo" */;
			compatibilityVersion = "Xcode 3.2";
			developmentRegion = English;
			hasScannedForEncodings = 0;
			knownRegions = (
				en,
				Base,
			);
			mainGroup = 8A6823561DF6925C00123928;
			productRefGroup = 8A6823601DF6925C00123928 /* Products */;
			projectDirPath = "";
			projectRoot = "";
			targets = (
				8A68235E1DF6925C00123928 /* FTDKitDemo */,
			);
		};
/* End PBXProject section */

/* Begin PBXResourcesBuildPhase section */
		8A68235D1DF6925C00123928 /* Resources */ = {
			isa = PBXResourcesBuildPhase;
			buildActionMask = 2147483647;
			files = (
				8A68236D1DF6925C00123928 /* LaunchScreen.storyboard in Resources */,
				6B8C67B31E95DD9300116CBF /* YourCell.xib in Resources */,
				6B8C67AF1E95D48100116CBF /* MyCell.xib in Resources */,
				8A68236A1DF6925C00123928 /* Assets.xcassets in Resources */,
				8A6823681DF6925C00123928 /* Main.storyboard in Resources */,
			);
			runOnlyForDeploymentPostprocessing = 0;
		};
/* End PBXResourcesBuildPhase section */

/* Begin PBXShellScriptBuildPhase section */
		63814F6D849E18AC3DA4A272 /* [CP] Check Pods Manifest.lock */ = {
			isa = PBXShellScriptBuildPhase;
			buildActionMask = 2147483647;
			files = (
			);
			inputPaths = (
			);
			name = "[CP] Check Pods Manifest.lock";
			outputPaths = (
			);
			runOnlyForDeploymentPostprocessing = 0;
			shellPath = /bin/sh;
			shellScript = "diff \"${PODS_ROOT}/../Podfile.lock\" \"${PODS_ROOT}/Manifest.lock\" > /dev/null\nif [ $? != 0 ] ; then\n    # print error to STDERR\n    echo \"error: The sandbox is not in sync with the Podfile.lock. Run 'pod install' or update your CocoaPods installation.\" >&2\n    exit 1\nfi\n";
			showEnvVarsInLog = 0;
		};
		7155E83BCE53E7F1C3383E4F /* [CP] Embed Pods Frameworks */ = {
			isa = PBXShellScriptBuildPhase;
			buildActionMask = 2147483647;
			files = (
			);
			inputPaths = (
			);
			name = "[CP] Embed Pods Frameworks";
			outputPaths = (
			);
			runOnlyForDeploymentPostprocessing = 0;
			shellPath = /bin/sh;
			shellScript = "\"${SRCROOT}/Pods/Target Support Files/Pods-FTDKitDemo/Pods-FTDKitDemo-frameworks.sh\"\n";
			showEnvVarsInLog = 0;
		};
		A9672317FC3518AD803F709D /* [CP] Copy Pods Resources */ = {
			isa = PBXShellScriptBuildPhase;
			buildActionMask = 2147483647;
			files = (
			);
			inputPaths = (
			);
			name = "[CP] Copy Pods Resources";
			outputPaths = (
			);
			runOnlyForDeploymentPostprocessing = 0;
			shellPath = /bin/sh;
			shellScript = "\"${SRCROOT}/Pods/Target Support Files/Pods-FTDKitDemo/Pods-FTDKitDemo-resources.sh\"\n";
			showEnvVarsInLog = 0;
		};
/* End PBXShellScriptBuildPhase section */

/* Begin PBXSourcesBuildPhase section */
		8A68235B1DF6925C00123928 /* Sources */ = {
			isa = PBXSourcesBuildPhase;
			buildActionMask = 2147483647;
			files = (
				8A6823651DF6925C00123928 /* ViewController.swift in Sources */,
				6B8C67AE1E95D48100116CBF /* MyCell.swift in Sources */,
				8A6823781DF6960900123928 /* FTDCollectionViewCell.swift in Sources */,
				8A6823631DF6925C00123928 /* AppDelegate.swift in Sources */,
				6B8C67B21E95DD9300116CBF /* YourCell.swift in Sources */,
				8A68237A1DF6960900123928 /* FTDLoopView.swift in Sources */,
			);
			runOnlyForDeploymentPostprocessing = 0;
		};
/* End PBXSourcesBuildPhase section */

/* Begin PBXVariantGroup section */
		8A6823661DF6925C00123928 /* Main.storyboard */ = {
			isa = PBXVariantGroup;
			children = (
				8A6823671DF6925C00123928 /* Base */,
			);
			name = Main.storyboard;
			sourceTree = "<group>";
		};
		8A68236B1DF6925C00123928 /* LaunchScreen.storyboard */ = {
			isa = PBXVariantGroup;
			children = (
				8A68236C1DF6925C00123928 /* Base */,
			);
			name = LaunchScreen.storyboard;
			sourceTree = "<group>";
		};
/* End PBXVariantGroup section */

/* Begin XCBuildConfiguration section */
		8A68236F1DF6925C00123928 /* Debug */ = {
			isa = XCBuildConfiguration;
			buildSettings = {
				ALWAYS_SEARCH_USER_PATHS = NO;
				CLANG_ANALYZER_NONNULL = YES;
				CLANG_CXX_LANGUAGE_STANDARD = "gnu++0x";
				CLANG_CXX_LIBRARY = "libc++";
				CLANG_ENABLE_MODULES = YES;
				CLANG_ENABLE_OBJC_ARC = YES;
				CLANG_WARN_BOOL_CONVERSION = YES;
				CLANG_WARN_CONSTANT_CONVERSION = YES;
				CLANG_WARN_DIRECT_OBJC_ISA_USAGE = YES_ERROR;
				CLANG_WARN_DOCUMENTATION_COMMENTS = YES;
				CLANG_WARN_EMPTY_BODY = YES;
				CLANG_WARN_ENUM_CONVERSION = YES;
				CLANG_WARN_INFINITE_RECURSION = YES;
				CLANG_WARN_INT_CONVERSION = YES;
				CLANG_WARN_OBJC_ROOT_CLASS = YES_ERROR;
				CLANG_WARN_SUSPICIOUS_MOVES = YES;
				CLANG_WARN_UNREACHABLE_CODE = YES;
				CLANG_WARN__DUPLICATE_METHOD_MATCH = YES;
				"CODE_SIGN_IDENTITY[sdk=iphoneos*]" = "iPhone Developer";
				COPY_PHASE_STRIP = NO;
				DEBUG_INFORMATION_FORMAT = dwarf;
				ENABLE_STRICT_OBJC_MSGSEND = YES;
				ENABLE_TESTABILITY = YES;
				GCC_C_LANGUAGE_STANDARD = gnu99;
				GCC_DYNAMIC_NO_PIC = NO;
				GCC_NO_COMMON_BLOCKS = YES;
				GCC_OPTIMIZATION_LEVEL = 0;
				GCC_PREPROCESSOR_DEFINITIONS = (
					"DEBUG=1",
					"$(inherited)",
				);
				GCC_WARN_64_TO_32_BIT_CONVERSION = YES;
				GCC_WARN_ABOUT_RETURN_TYPE = YES_ERROR;
				GCC_WARN_UNDECLARED_SELECTOR = YES;
				GCC_WARN_UNINITIALIZED_AUTOS = YES_AGGRESSIVE;
				GCC_WARN_UNUSED_FUNCTION = YES;
				GCC_WARN_UNUSED_VARIABLE = YES;
				IPHONEOS_DEPLOYMENT_TARGET = 8.0;
				MTL_ENABLE_DEBUG_INFO = YES;
				ONLY_ACTIVE_ARCH = YES;
				SDKROOT = iphoneos;
				SWIFT_ACTIVE_COMPILATION_CONDITIONS = DEBUG;
				SWIFT_OPTIMIZATION_LEVEL = "-Onone";
				TARGETED_DEVICE_FAMILY = "1,2";
			};
			name = Debug;
		};
		8A6823701DF6925C00123928 /* Release */ = {
			isa = XCBuildConfiguration;
			buildSettings = {
				ALWAYS_SEARCH_USER_PATHS = NO;
				CLANG_ANALYZER_NONNULL = YES;
				CLANG_CXX_LANGUAGE_STANDARD = "gnu++0x";
				CLANG_CXX_LIBRARY = "libc++";
				CLANG_ENABLE_MODULES = YES;
				CLANG_ENABLE_OBJC_ARC = YES;
				CLANG_WARN_BOOL_CONVERSION = YES;
				CLANG_WARN_CONSTANT_CONVERSION = YES;
				CLANG_WARN_DIRECT_OBJC_ISA_USAGE = YES_ERROR;
				CLANG_WARN_DOCUMENTATION_COMMENTS = YES;
				CLANG_WARN_EMPTY_BODY = YES;
				CLANG_WARN_ENUM_CONVERSION = YES;
				CLANG_WARN_INFINITE_RECURSION = YES;
				CLANG_WARN_INT_CONVERSION = YES;
				CLANG_WARN_OBJC_ROOT_CLASS = YES_ERROR;
				CLANG_WARN_SUSPICIOUS_MOVES = YES;
				CLANG_WARN_UNREACHABLE_CODE = YES;
				CLANG_WARN__DUPLICATE_METHOD_MATCH = YES;
				"CODE_SIGN_IDENTITY[sdk=iphoneos*]" = "iPhone Developer";
				COPY_PHASE_STRIP = NO;
				DEBUG_INFORMATION_FORMAT = "dwarf-with-dsym";
				ENABLE_NS_ASSERTIONS = NO;
				ENABLE_STRICT_OBJC_MSGSEND = YES;
				GCC_C_LANGUAGE_STANDARD = gnu99;
				GCC_NO_COMMON_BLOCKS = YES;
				GCC_WARN_64_TO_32_BIT_CONVERSION = YES;
				GCC_WARN_ABOUT_RETURN_TYPE = YES_ERROR;
				GCC_WARN_UNDECLARED_SELECTOR = YES;
				GCC_WARN_UNINITIALIZED_AUTOS = YES_AGGRESSIVE;
				GCC_WARN_UNUSED_FUNCTION = YES;
				GCC_WARN_UNUSED_VARIABLE = YES;
				IPHONEOS_DEPLOYMENT_TARGET = 8.0;
				MTL_ENABLE_DEBUG_INFO = NO;
				SDKROOT = iphoneos;
				SWIFT_OPTIMIZATION_LEVEL = "-Owholemodule";
				TARGETED_DEVICE_FAMILY = "1,2";
				VALIDATE_PRODUCT = YES;
			};
			name = Release;
		};
		8A6823721DF6925C00123928 /* Debug */ = {
			isa = XCBuildConfiguration;
			baseConfigurationReference = 8C4D4B14BEB22E95AB51C17A /* Pods-FTDKitDemo.debug.xcconfig */;
			buildSettings = {
				ASSETCATALOG_COMPILER_APPICON_NAME = AppIcon;
				INFOPLIST_FILE = FTDKitDemo/Info.plist;
				IPHONEOS_DEPLOYMENT_TARGET = 8.0;
				LD_RUNPATH_SEARCH_PATHS = "$(inherited) @executable_path/Frameworks";
				PRODUCT_BUNDLE_IDENTIFIER = com.ftd.FTDKitDemo;
				PRODUCT_NAME = FTDKit;
				SWIFT_VERSION = 3.0;
			};
			name = Debug;
		};
		8A6823731DF6925C00123928 /* Release */ = {
			isa = XCBuildConfiguration;
			baseConfigurationReference = FC72E7D3576121F4384FAE2B /* Pods-FTDKitDemo.release.xcconfig */;
			buildSettings = {
				ASSETCATALOG_COMPILER_APPICON_NAME = AppIcon;
				INFOPLIST_FILE = FTDKitDemo/Info.plist;
				IPHONEOS_DEPLOYMENT_TARGET = 8.0;
				LD_RUNPATH_SEARCH_PATHS = "$(inherited) @executable_path/Frameworks";
				PRODUCT_BUNDLE_IDENTIFIER = com.ftd.FTDKitDemo;
				PRODUCT_NAME = FTDKit;
				SWIFT_VERSION = 3.0;
			};
			name = Release;
		};
/* End XCBuildConfiguration section */

/* Begin XCConfigurationList section */
		8A68235A1DF6925C00123928 /* Build configuration list for PBXProject "FTDKitDemo" */ = {
			isa = XCConfigurationList;
			buildConfigurations = (
				8A68236F1DF6925C00123928 /* Debug */,
				8A6823701DF6925C00123928 /* Release */,
			);
			defaultConfigurationIsVisible = 0;
			defaultConfigurationName = Release;
		};
		8A6823711DF6925C00123928 /* Build configuration list for PBXNativeTarget "FTDKitDemo" */ = {
			isa = XCConfigurationList;
			buildConfigurations = (
				8A6823721DF6925C00123928 /* Debug */,
				8A6823731DF6925C00123928 /* Release */,
			);
			defaultConfigurationIsVisible = 0;
			defaultConfigurationName = Release;
		};
/* End XCConfigurationList section */
	};
	rootObject = 8A6823571DF6925C00123928 /* Project object */;
}
