// !$*UTF8*$!
{
	archiveVersion = 1;
	classes = {
	};
	objectVersion = 50;
	objects = {

/* Begin PBXBuildFile section */
		49938DDD21757C66006C5F08 /* ZNJFTabbarController.swift in Sources */ = {isa = PBXBuildFile; fileRef = 49938DDC21757C66006C5F08 /* ZNJFTabbarController.swift */; };
		49938DDF21757C8B006C5F08 /* ZNJFNavgationController.swift in Sources */ = {isa = PBXBuildFile; fileRef = 49938DDE21757C8B006C5F08 /* ZNJFNavgationController.swift */; };
		49938DE221757D5A006C5F08 /* ZNJFHomePageController.swift in Sources */ = {isa = PBXBuildFile; fileRef = 49938DE021757D5A006C5F08 /* ZNJFHomePageController.swift */; };
		49938DE321757D5A006C5F08 /* ZNJFHomePageController.xib in Resources */ = {isa = PBXBuildFile; fileRef = 49938DE121757D5A006C5F08 /* ZNJFHomePageController.xib */; };
		49938DE52175854F006C5F08 /* Kingfisher.framework in Frameworks */ = {isa = PBXBuildFile; fileRef = 49938DE42175854F006C5F08 /* Kingfisher.framework */; };
		49938DEC2175941B006C5F08 /* ZNJFWebViewController.xib in Resources */ = {isa = PBXBuildFile; fileRef = 49938DEA2175941A006C5F08 /* ZNJFWebViewController.xib */; };
		49938DED2175941B006C5F08 /* ZNJFWebViewController.swift in Sources */ = {isa = PBXBuildFile; fileRef = 49938DEB2175941B006C5F08 /* ZNJFWebViewController.swift */; };
		49971C5C2170743400864B76 /* Alamofire.framework in Frameworks */ = {isa = PBXBuildFile; fileRef = 49971C5B2170743400864B76 /* Alamofire.framework */; };
		49971C5F21707CC000864B76 /* SwiftyJSON.framework in Frameworks */ = {isa = PBXBuildFile; fileRef = 49971C5E21707CC000864B76 /* SwiftyJSON.framework */; };
		49D6E67F217423FD004CE3AD /* ZNJFNetworkManager.swift in Sources */ = {isa = PBXBuildFile; fileRef = 49D6E67E217423FD004CE3AD /* ZNJFNetworkManager.swift */; };
		6B284C34215F546A00DA7A07 /* AppDelegate.swift in Sources */ = {isa = PBXBuildFile; fileRef = 6B284C33215F546A00DA7A07 /* AppDelegate.swift */; };
		6B284C36215F546A00DA7A07 /* ViewController.swift in Sources */ = {isa = PBXBuildFile; fileRef = 6B284C35215F546A00DA7A07 /* ViewController.swift */; };
		6B284C39215F546A00DA7A07 /* Main.storyboard in Resources */ = {isa = PBXBuildFile; fileRef = 6B284C37215F546A00DA7A07 /* Main.storyboard */; };
		6B284C3B215F546B00DA7A07 /* Assets.xcassets in Resources */ = {isa = PBXBuildFile; fileRef = 6B284C3A215F546B00DA7A07 /* Assets.xcassets */; };
		6B284C3E215F546B00DA7A07 /* LaunchScreen.storyboard in Resources */ = {isa = PBXBuildFile; fileRef = 6B284C3C215F546B00DA7A07 /* LaunchScreen.storyboard */; };
/* End PBXBuildFile section */

/* Begin PBXFileReference section */
		49938DDC21757C66006C5F08 /* ZNJFTabbarController.swift */ = {isa = PBXFileReference; lastKnownFileType = sourcecode.swift; path = ZNJFTabbarController.swift; sourceTree = "<group>"; };
		49938DDE21757C8B006C5F08 /* ZNJFNavgationController.swift */ = {isa = PBXFileReference; lastKnownFileType = sourcecode.swift; path = ZNJFNavgationController.swift; sourceTree = "<group>"; };
		49938DE021757D5A006C5F08 /* ZNJFHomePageController.swift */ = {isa = PBXFileReference; lastKnownFileType = sourcecode.swift; path = ZNJFHomePageController.swift; sourceTree = "<group>"; };
		49938DE121757D5A006C5F08 /* ZNJFHomePageController.xib */ = {isa = PBXFileReference; lastKnownFileType = file.xib; path = ZNJFHomePageController.xib; sourceTree = "<group>"; };
		49938DE42175854F006C5F08 /* Kingfisher.framework */ = {isa = PBXFileReference; lastKnownFileType = wrapper.framework; name = Kingfisher.framework; path = Carthage/Build/iOS/Kingfisher.framework; sourceTree = "<group>"; };
		49938DEA2175941A006C5F08 /* ZNJFWebViewController.xib */ = {isa = PBXFileReference; fileEncoding = 4; lastKnownFileType = file.xib; path = ZNJFWebViewController.xib; sourceTree = "<group>"; };
		49938DEB2175941B006C5F08 /* ZNJFWebViewController.swift */ = {isa = PBXFileReference; fileEncoding = 4; lastKnownFileType = sourcecode.swift; path = ZNJFWebViewController.swift; sourceTree = "<group>"; };
		49971C5B2170743400864B76 /* Alamofire.framework */ = {isa = PBXFileReference; lastKnownFileType = wrapper.framework; name = Alamofire.framework; path = Carthage/Build/iOS/Alamofire.framework; sourceTree = "<group>"; };
		49971C5E21707CC000864B76 /* SwiftyJSON.framework */ = {isa = PBXFileReference; lastKnownFileType = wrapper.framework; name = SwiftyJSON.framework; path = Carthage/Build/iOS/SwiftyJSON.framework; sourceTree = "<group>"; };
		49D6E67E217423FD004CE3AD /* ZNJFNetworkManager.swift */ = {isa = PBXFileReference; lastKnownFileType = sourcecode.swift; path = ZNJFNetworkManager.swift; sourceTree = "<group>"; };
		6B284C30215F546A00DA7A07 /* 中南金服.app */ = {isa = PBXFileReference; explicitFileType = wrapper.application; includeInIndex = 0; path = "中南金服.app"; sourceTree = BUILT_PRODUCTS_DIR; };
		6B284C33215F546A00DA7A07 /* AppDelegate.swift */ = {isa = PBXFileReference; lastKnownFileType = sourcecode.swift; path = AppDelegate.swift; sourceTree = "<group>"; };
		6B284C35215F546A00DA7A07 /* ViewController.swift */ = {isa = PBXFileReference; lastKnownFileType = sourcecode.swift; path = ViewController.swift; sourceTree = "<group>"; };
		6B284C38215F546A00DA7A07 /* Base */ = {isa = PBXFileReference; lastKnownFileType = file.storyboard; name = Base; path = Base.lproj/Main.storyboard; sourceTree = "<group>"; };
		6B284C3A215F546B00DA7A07 /* Assets.xcassets */ = {isa = PBXFileReference; lastKnownFileType = folder.assetcatalog; path = Assets.xcassets; sourceTree = "<group>"; };
		6B284C3D215F546B00DA7A07 /* Base */ = {isa = PBXFileReference; lastKnownFileType = file.storyboard; name = Base; path = Base.lproj/LaunchScreen.storyboard; sourceTree = "<group>"; };
		6B284C3F215F546B00DA7A07 /* Info.plist */ = {isa = PBXFileReference; lastKnownFileType = text.plist.xml; path = Info.plist; sourceTree = "<group>"; };
		6B284C48215F546B00DA7A07 /* ZnjfTests.swift */ = {isa = PBXFileReference; lastKnownFileType = sourcecode.swift; path = ZnjfTests.swift; sourceTree = "<group>"; };
		6B284C4A215F546B00DA7A07 /* Info.plist */ = {isa = PBXFileReference; lastKnownFileType = text.plist.xml; path = Info.plist; sourceTree = "<group>"; };
/* End PBXFileReference section */

/* Begin PBXFrameworksBuildPhase section */
		6B284C2D215F546A00DA7A07 /* Frameworks */ = {
			isa = PBXFrameworksBuildPhase;
			buildActionMask = 2147483647;
			files = (
				49938DE52175854F006C5F08 /* Kingfisher.framework in Frameworks */,
				49971C5F21707CC000864B76 /* SwiftyJSON.framework in Frameworks */,
				49971C5C2170743400864B76 /* Alamofire.framework in Frameworks */,
			);
			runOnlyForDeploymentPostprocessing = 0;
		};
/* End PBXFrameworksBuildPhase section */

/* Begin PBXGroup section */
		49971C5A2170743400864B76 /* Frameworks */ = {
			isa = PBXGroup;
			children = (
				49938DE42175854F006C5F08 /* Kingfisher.framework */,
				49971C5E21707CC000864B76 /* SwiftyJSON.framework */,
				49971C5B2170743400864B76 /* Alamofire.framework */,
			);
			name = Frameworks;
			sourceTree = "<group>";
		};
		6B284C27215F546A00DA7A07 = {
			isa = PBXGroup;
			children = (
				6B284C32215F546A00DA7A07 /* Znjf */,
				6B284C47215F546B00DA7A07 /* ZnjfTests */,
				6B284C31215F546A00DA7A07 /* Products */,
				49971C5A2170743400864B76 /* Frameworks */,
			);
			sourceTree = "<group>";
		};
		6B284C31215F546A00DA7A07 /* Products */ = {
			isa = PBXGroup;
			children = (
				6B284C30215F546A00DA7A07 /* 中南金服.app */,
			);
			name = Products;
			sourceTree = "<group>";
		};
		6B284C32215F546A00DA7A07 /* Znjf */ = {
			isa = PBXGroup;
			children = (
				49938DEB2175941B006C5F08 /* ZNJFWebViewController.swift */,
				49938DEA2175941A006C5F08 /* ZNJFWebViewController.xib */,
				6B284C33215F546A00DA7A07 /* AppDelegate.swift */,
				6B284C35215F546A00DA7A07 /* ViewController.swift */,
				6B284C37215F546A00DA7A07 /* Main.storyboard */,
				6B284C3A215F546B00DA7A07 /* Assets.xcassets */,
				6B284C3C215F546B00DA7A07 /* LaunchScreen.storyboard */,
				6B284C3F215F546B00DA7A07 /* Info.plist */,
				49D6E67E217423FD004CE3AD /* ZNJFNetworkManager.swift */,
				49938DDC21757C66006C5F08 /* ZNJFTabbarController.swift */,
				49938DDE21757C8B006C5F08 /* ZNJFNavgationController.swift */,
				49938DE021757D5A006C5F08 /* ZNJFHomePageController.swift */,
				49938DE121757D5A006C5F08 /* ZNJFHomePageController.xib */,
			);
			path = Znjf;
			sourceTree = "<group>";
		};
		6B284C47215F546B00DA7A07 /* ZnjfTests */ = {
			isa = PBXGroup;
			children = (
				6B284C48215F546B00DA7A07 /* ZnjfTests.swift */,
				6B284C4A215F546B00DA7A07 /* Info.plist */,
			);
			path = ZnjfTests;
			sourceTree = "<group>";
		};
/* End PBXGroup section */

/* Begin PBXNativeTarget section */
		6B284C2F215F546A00DA7A07 /* Znjf */ = {
			isa = PBXNativeTarget;
			buildConfigurationList = 6B284C4D215F546B00DA7A07 /* Build configuration list for PBXNativeTarget "Znjf" */;
			buildPhases = (
				6B284C2C215F546A00DA7A07 /* Sources */,
				6B284C2D215F546A00DA7A07 /* Frameworks */,
				6B284C2E215F546A00DA7A07 /* Resources */,
				49971C5D2170743900864B76 /* ShellScript */,
			);
			buildRules = (
			);
			dependencies = (
			);
			name = Znjf;
			productName = Znjf;
			productReference = 6B284C30215F546A00DA7A07 /* 中南金服.app */;
			productType = "com.apple.product-type.application";
		};
/* End PBXNativeTarget section */

/* Begin PBXProject section */
		6B284C28215F546A00DA7A07 /* Project object */ = {
			isa = PBXProject;
			attributes = {
				CLASSPREFIX = ZNJF;
				LastSwiftUpdateCheck = 0940;
				LastUpgradeCheck = 0940;
				ORGANIZATIONNAME = "江苏投吧金融服务有限公司";
				TargetAttributes = {
					6B284C2F215F546A00DA7A07 = {
						CreatedOnToolsVersion = 9.4.1;
					};
				};
			};
			buildConfigurationList = 6B284C2B215F546A00DA7A07 /* Build configuration list for PBXProject "Znjf" */;
			compatibilityVersion = "Xcode 9.3";
			developmentRegion = en;
			hasScannedForEncodings = 0;
			knownRegions = (
				en,
				Base,
			);
			mainGroup = 6B284C27215F546A00DA7A07;
			productRefGroup = 6B284C31215F546A00DA7A07 /* Products */;
			projectDirPath = "";
			projectRoot = "";
			targets = (
				6B284C2F215F546A00DA7A07 /* Znjf */,
			);
		};
/* End PBXProject section */

/* Begin PBXResourcesBuildPhase section */
		6B284C2E215F546A00DA7A07 /* Resources */ = {
			isa = PBXResourcesBuildPhase;
			buildActionMask = 2147483647;
			files = (
				6B284C3E215F546B00DA7A07 /* LaunchScreen.storyboard in Resources */,
				49938DEC2175941B006C5F08 /* ZNJFWebViewController.xib in Resources */,
				49938DE321757D5A006C5F08 /* ZNJFHomePageController.xib in Resources */,
				6B284C3B215F546B00DA7A07 /* Assets.xcassets in Resources */,
				6B284C39215F546A00DA7A07 /* Main.storyboard in Resources */,
			);
			runOnlyForDeploymentPostprocessing = 0;
		};
/* End PBXResourcesBuildPhase section */

/* Begin PBXShellScriptBuildPhase section */
		49971C5D2170743900864B76 /* ShellScript */ = {
			isa = PBXShellScriptBuildPhase;
			buildActionMask = 2147483647;
			files = (
			);
			inputFileListPaths = (
			);
			inputPaths = (
				"$(SRCROOT)/Carthage/Build/iOS/Alamofire.framework",
				"$(SRCROOT)/Carthage/Build/iOS/SwiftyJSON.framework",
				"$(SRCROOT)/Carthage/Build/iOS/Kingfisher.framework",
			);
			outputFileListPaths = (
			);
			outputPaths = (
			);
			runOnlyForDeploymentPostprocessing = 0;
			shellPath = /bin/sh;
			shellScript = "/usr/local/bin/carthage copy-frameworks\n";
		};
/* End PBXShellScriptBuildPhase section */

/* Begin PBXSourcesBuildPhase section */
		6B284C2C215F546A00DA7A07 /* Sources */ = {
			isa = PBXSourcesBuildPhase;
			buildActionMask = 2147483647;
			files = (
				6B284C36215F546A00DA7A07 /* ViewController.swift in Sources */,
				49938DDD21757C66006C5F08 /* ZNJFTabbarController.swift in Sources */,
				49938DDF21757C8B006C5F08 /* ZNJFNavgationController.swift in Sources */,
				49938DE221757D5A006C5F08 /* ZNJFHomePageController.swift in Sources */,
				6B284C34215F546A00DA7A07 /* AppDelegate.swift in Sources */,
				49938DED2175941B006C5F08 /* ZNJFWebViewController.swift in Sources */,
				49D6E67F217423FD004CE3AD /* ZNJFNetworkManager.swift in Sources */,
			);
			runOnlyForDeploymentPostprocessing = 0;
		};
/* End PBXSourcesBuildPhase section */

/* Begin PBXVariantGroup section */
		6B284C37215F546A00DA7A07 /* Main.storyboard */ = {
			isa = PBXVariantGroup;
			children = (
				6B284C38215F546A00DA7A07 /* Base */,
			);
			name = Main.storyboard;
			sourceTree = "<group>";
		};
		6B284C3C215F546B00DA7A07 /* LaunchScreen.storyboard */ = {
			isa = PBXVariantGroup;
			children = (
				6B284C3D215F546B00DA7A07 /* Base */,
			);
			name = LaunchScreen.storyboard;
			sourceTree = "<group>";
		};
/* End PBXVariantGroup section */

/* Begin XCBuildConfiguration section */
		6B284C4B215F546B00DA7A07 /* Debug */ = {
			isa = XCBuildConfiguration;
			buildSettings = {
				ALWAYS_SEARCH_USER_PATHS = NO;
				CLANG_ANALYZER_NONNULL = YES;
				CLANG_ANALYZER_NUMBER_OBJECT_CONVERSION = YES_AGGRESSIVE;
				CLANG_CXX_LANGUAGE_STANDARD = "gnu++14";
				CLANG_CXX_LIBRARY = "libc++";
				CLANG_ENABLE_MODULES = YES;
				CLANG_ENABLE_OBJC_ARC = YES;
				CLANG_ENABLE_OBJC_WEAK = YES;
				CLANG_WARN_BLOCK_CAPTURE_AUTORELEASING = YES;
				CLANG_WARN_BOOL_CONVERSION = YES;
				CLANG_WARN_COMMA = YES;
				CLANG_WARN_CONSTANT_CONVERSION = YES;
				CLANG_WARN_DEPRECATED_OBJC_IMPLEMENTATIONS = YES;
				CLANG_WARN_DIRECT_OBJC_ISA_USAGE = YES_ERROR;
				CLANG_WARN_DOCUMENTATION_COMMENTS = YES;
				CLANG_WARN_EMPTY_BODY = YES;
				CLANG_WARN_ENUM_CONVERSION = YES;
				CLANG_WARN_INFINITE_RECURSION = YES;
				CLANG_WARN_INT_CONVERSION = YES;
				CLANG_WARN_NON_LITERAL_NULL_CONVERSION = YES;
				CLANG_WARN_OBJC_IMPLICIT_RETAIN_SELF = YES;
				CLANG_WARN_OBJC_LITERAL_CONVERSION = YES;
				CLANG_WARN_OBJC_ROOT_CLASS = YES_ERROR;
				CLANG_WARN_RANGE_LOOP_ANALYSIS = YES;
				CLANG_WARN_STRICT_PROTOTYPES = YES;
				CLANG_WARN_SUSPICIOUS_MOVE = YES;
				CLANG_WARN_UNGUARDED_AVAILABILITY = YES_AGGRESSIVE;
				CLANG_WARN_UNREACHABLE_CODE = YES;
				CLANG_WARN__DUPLICATE_METHOD_MATCH = YES;
				CODE_SIGN_IDENTITY = "iPhone Developer";
				COPY_PHASE_STRIP = NO;
				DEBUG_INFORMATION_FORMAT = dwarf;
				ENABLE_STRICT_OBJC_MSGSEND = YES;
				ENABLE_TESTABILITY = YES;
				GCC_C_LANGUAGE_STANDARD = gnu11;
				GCC_DYNAMIC_NO_PIC = NO;
				GCC_NO_COMMON_BLOCKS = YES;
				GCC_OPTIMIZATION_LEVEL = 0;
				GCC_PREPROCESSOR_DEFINITIONS = (
					"DEBUG=1",
					"$(inherited)",
				);
				GCC_WARN_64_TO_32_BIT_CONVERSION = YES;
				GCC_WARN_ABOUT_RETURN_TYPE = YES_ERROR;
				GCC_WARN_UNDECLARED_SELECTOR = YES;
				GCC_WARN_UNINITIALIZED_AUTOS = YES_AGGRESSIVE;
				GCC_WARN_UNUSED_FUNCTION = YES;
				GCC_WARN_UNUSED_VARIABLE = YES;
				IPHONEOS_DEPLOYMENT_TARGET = 9.0;
				MTL_ENABLE_DEBUG_INFO = YES;
				ONLY_ACTIVE_ARCH = YES;
				SDKROOT = iphoneos;
				SWIFT_ACTIVE_COMPILATION_CONDITIONS = DEBUG;
				SWIFT_OPTIMIZATION_LEVEL = "-Onone";
			};
			name = Debug;
		};
		6B284C4C215F546B00DA7A07 /* Release */ = {
			isa = XCBuildConfiguration;
			buildSettings = {
				ALWAYS_SEARCH_USER_PATHS = NO;
				CLANG_ANALYZER_NONNULL = YES;
				CLANG_ANALYZER_NUMBER_OBJECT_CONVERSION = YES_AGGRESSIVE;
				CLANG_CXX_LANGUAGE_STANDARD = "gnu++14";
				CLANG_CXX_LIBRARY = "libc++";
				CLANG_ENABLE_MODULES = YES;
				CLANG_ENABLE_OBJC_ARC = YES;
				CLANG_ENABLE_OBJC_WEAK = YES;
				CLANG_WARN_BLOCK_CAPTURE_AUTORELEASING = YES;
				CLANG_WARN_BOOL_CONVERSION = YES;
				CLANG_WARN_COMMA = YES;
				CLANG_WARN_CONSTANT_CONVERSION = YES;
				CLANG_WARN_DEPRECATED_OBJC_IMPLEMENTATIONS = YES;
				CLANG_WARN_DIRECT_OBJC_ISA_USAGE = YES_ERROR;
				CLANG_WARN_DOCUMENTATION_COMMENTS = YES;
				CLANG_WARN_EMPTY_BODY = YES;
				CLANG_WARN_ENUM_CONVERSION = YES;
				CLANG_WARN_INFINITE_RECURSION = YES;
				CLANG_WARN_INT_CONVERSION = YES;
				CLANG_WARN_NON_LITERAL_NULL_CONVERSION = YES;
				CLANG_WARN_OBJC_IMPLICIT_RETAIN_SELF = YES;
				CLANG_WARN_OBJC_LITERAL_CONVERSION = YES;
				CLANG_WARN_OBJC_ROOT_CLASS = YES_ERROR;
				CLANG_WARN_RANGE_LOOP_ANALYSIS = YES;
				CLANG_WARN_STRICT_PROTOTYPES = YES;
				CLANG_WARN_SUSPICIOUS_MOVE = YES;
				CLANG_WARN_UNGUARDED_AVAILABILITY = YES_AGGRESSIVE;
				CLANG_WARN_UNREACHABLE_CODE = YES;
				CLANG_WARN__DUPLICATE_METHOD_MATCH = YES;
				CODE_SIGN_IDENTITY = "iPhone Developer";
				COPY_PHASE_STRIP = NO;
				DEBUG_INFORMATION_FORMAT = "dwarf-with-dsym";
				ENABLE_NS_ASSERTIONS = NO;
				ENABLE_STRICT_OBJC_MSGSEND = YES;
				GCC_C_LANGUAGE_STANDARD = gnu11;
				GCC_NO_COMMON_BLOCKS = YES;
				GCC_WARN_64_TO_32_BIT_CONVERSION = YES;
				GCC_WARN_ABOUT_RETURN_TYPE = YES_ERROR;
				GCC_WARN_UNDECLARED_SELECTOR = YES;
				GCC_WARN_UNINITIALIZED_AUTOS = YES_AGGRESSIVE;
				GCC_WARN_UNUSED_FUNCTION = YES;
				GCC_WARN_UNUSED_VARIABLE = YES;
				IPHONEOS_DEPLOYMENT_TARGET = 9.0;
				MTL_ENABLE_DEBUG_INFO = NO;
				SDKROOT = iphoneos;
				SWIFT_COMPILATION_MODE = wholemodule;
				SWIFT_OPTIMIZATION_LEVEL = "-O";
				VALIDATE_PRODUCT = YES;
			};
			name = Release;
		};
		6B284C4E215F546B00DA7A07 /* Debug */ = {
			isa = XCBuildConfiguration;
			buildSettings = {
				ASSETCATALOG_COMPILER_APPICON_NAME = AppIcon;
				CODE_SIGN_STYLE = Automatic;
				DEVELOPMENT_TEAM = PB6D5P78D4;
				FRAMEWORK_SEARCH_PATHS = (
					"$(inherited)",
					"$(PROJECT_DIR)/Carthage/Build/iOS",
				);
				INFOPLIST_FILE = Znjf/Info.plist;
				IPHONEOS_DEPLOYMENT_TARGET = 9.0;
				LD_RUNPATH_SEARCH_PATHS = (
					"$(inherited)",
					"@executable_path/Frameworks",
				);
				PRODUCT_BUNDLE_IDENTIFIER = com.tziba.tzb;
				PRODUCT_NAME = "中南金服";
				SWIFT_VERSION = 4.0;
				TARGETED_DEVICE_FAMILY = 1;
			};
			name = Debug;
		};
		6B284C4F215F546B00DA7A07 /* Release */ = {
			isa = XCBuildConfiguration;
			buildSettings = {
				ASSETCATALOG_COMPILER_APPICON_NAME = AppIcon;
				CODE_SIGN_STYLE = Automatic;
				DEVELOPMENT_TEAM = PB6D5P78D4;
				FRAMEWORK_SEARCH_PATHS = (
					"$(inherited)",
					"$(PROJECT_DIR)/Carthage/Build/iOS",
				);
				INFOPLIST_FILE = Znjf/Info.plist;
				IPHONEOS_DEPLOYMENT_TARGET = 9.0;
				LD_RUNPATH_SEARCH_PATHS = (
					"$(inherited)",
					"@executable_path/Frameworks",
				);
				PRODUCT_BUNDLE_IDENTIFIER = com.tziba.tzb;
				PRODUCT_NAME = "中南金服";
				SWIFT_VERSION = 4.0;
				TARGETED_DEVICE_FAMILY = 1;
			};
			name = Release;
		};
/* End XCBuildConfiguration section */

/* Begin XCConfigurationList section */
		6B284C2B215F546A00DA7A07 /* Build configuration list for PBXProject "Znjf" */ = {
			isa = XCConfigurationList;
			buildConfigurations = (
				6B284C4B215F546B00DA7A07 /* Debug */,
				6B284C4C215F546B00DA7A07 /* Release */,
			);
			defaultConfigurationIsVisible = 0;
			defaultConfigurationName = Release;
		};
		6B284C4D215F546B00DA7A07 /* Build configuration list for PBXNativeTarget "Znjf" */ = {
			isa = XCConfigurationList;
			buildConfigurations = (
				6B284C4E215F546B00DA7A07 /* Debug */,
				6B284C4F215F546B00DA7A07 /* Release */,
			);
			defaultConfigurationIsVisible = 0;
			defaultConfigurationName = Release;
		};
/* End XCConfigurationList section */
	};
	rootObject = 6B284C28215F546A00DA7A07 /* Project object */;
}
